
Microsoft Visual Studio Solution File, Format Version 12.00
# Visual Studio Version 16
VisualStudioVersion = 16.0.29613.14
MinimumVisualStudioVersion = 10.0.40219.1
Project("{9A19103F-16F7-4668-BE54-9A1E7A4F7556}") = "BotApi", "BotApi\BotApi.csproj", "{28743FA8-2EDB-433F-95BF-104C00EF4E29}"
EndProject
Project("{FAE04EC0-301F-11D3-BF4B-00C04F79EFBC}") = "Bot.Data", "Bot.Data\Bot.Data.csproj", "{74D113D0-8E4D-49A9-A7F5-4CD10B95121E}"
EndProject
Project("{FAE04EC0-301F-11D3-BF4B-00C04F79EFBC}") = "Bot.Core", "Bot.Core\Bot.Core.csproj", "{7725496A-5923-434E-BC60-5B57FA8B94A8}"
EndProject
Global
	GlobalSection(SolutionConfigurationPlatforms) = preSolution
		Debug|Any CPU = Debug|Any CPU
		Release|Any CPU = Release|Any CPU
	EndGlobalSection
	GlobalSection(ProjectConfigurationPlatforms) = postSolution
		{28743FA8-2EDB-433F-95BF-104C00EF4E29}.Debug|Any CPU.ActiveCfg = Debug|Any CPU
		{28743FA8-2EDB-433F-95BF-104C00EF4E29}.Debug|Any CPU.Build.0 = Debug|Any CPU
		{28743FA8-2EDB-433F-95BF-104C00EF4E29}.Release|Any CPU.ActiveCfg = Release|Any CPU
		{28743FA8-2EDB-433F-95BF-104C00EF4E29}.Release|Any CPU.Build.0 = Release|Any CPU
		{74D113D0-8E4D-49A9-A7F5-4CD10B95121E}.Debug|Any CPU.ActiveCfg = Debug|Any CPU
		{74D113D0-8E4D-49A9-A7F5-4CD10B95121E}.Debug|Any CPU.Build.0 = Debug|Any CPU
		{74D113D0-8E4D-49A9-A7F5-4CD10B95121E}.Release|Any CPU.ActiveCfg = Release|Any CPU
		{74D113D0-8E4D-49A9-A7F5-4CD10B95121E}.Release|Any CPU.Build.0 = Release|Any CPU
		{7725496A-5923-434E-BC60-5B57FA8B94A8}.Debug|Any CPU.ActiveCfg = Debug|Any CPU
		{7725496A-5923-434E-BC60-5B57FA8B94A8}.Debug|Any CPU.Build.0 = Debug|Any CPU
		{7725496A-5923-434E-BC60-5B57FA8B94A8}.Release|Any CPU.ActiveCfg = Release|Any CPU
		{7725496A-5923-434E-BC60-5B57FA8B94A8}.Release|Any CPU.Build.0 = Release|Any CPU
	EndGlobalSection
	GlobalSection(SolutionProperties) = preSolution
		HideSolutionNode = FALSE
	EndGlobalSection
	GlobalSection(ExtensibilityGlobals) = postSolution
		SolutionGuid = {EB4D9865-DD81-46AD-AD37-6C055E7D7532}
	EndGlobalSection
EndGlobal
